
Microsoft Visual Studio Solution File, Format Version 12.00
# Visual Studio Version 16
VisualStudioVersion = 16.0.32126.315
MinimumVisualStudioVersion = 10.0.40219.1
Project("{FAE04EC0-301F-11D3-BF4B-00C04F79EFBC}") = "LR3RSA", "LR3RSA\LR3RSA.csproj", "{97119E1F-40B9-4D7A-BA16-C26E52F86E42}"
EndProject
Global
	GlobalSection(SolutionConfigurationPlatforms) = preSolution
		Debug|Any CPU = Debug|Any CPU
		Release|Any CPU = Release|Any CPU
	EndGlobalSection
	GlobalSection(ProjectConfigurationPlatforms) = postSolution
		{97119E1F-40B9-4D7A-BA16-C26E52F86E42}.Debug|Any CPU.ActiveCfg = Debug|Any CPU
		{97119E1F-40B9-4D7A-BA16-C26E52F86E42}.Debug|Any CPU.Build.0 = Debug|Any CPU
		{97119E1F-40B9-4D7A-BA16-C26E52F86E42}.Release|Any CPU.ActiveCfg = Release|Any CPU
		{97119E1F-40B9-4D7A-BA16-C26E52F86E42}.Release|Any CPU.Build.0 = Release|Any CPU
	EndGlobalSection
	GlobalSection(SolutionProperties) = preSolution
		HideSolutionNode = FALSE
	EndGlobalSection
	GlobalSection(ExtensibilityGlobals) = postSolution
		SolutionGuid = {9CD91237-A81F-46C1-95F5-D8F8AE80C24E}
	EndGlobalSection
EndGlobal
